// !$*UTF8*$!
{
	archiveVersion = 1;
	classes = {
	};
	objectVersion = 46;
	objects = {

/* Begin PBXBuildFile section */
		8DA66E9F193D099D00A34A4E /* Foundation.framework in Frameworks */ = {isa = PBXBuildFile; fileRef = 8DA66E9E193D099D00A34A4E /* Foundation.framework */; };
		8DA66EA1193D099D00A34A4E /* CoreGraphics.framework in Frameworks */ = {isa = PBXBuildFile; fileRef = 8DA66EA0193D099D00A34A4E /* CoreGraphics.framework */; };
		8DA66EA3193D099D00A34A4E /* UIKit.framework in Frameworks */ = {isa = PBXBuildFile; fileRef = 8DA66EA2193D099D00A34A4E /* UIKit.framework */; };
		8DA66EA9193D099D00A34A4E /* InfoPlist.strings in Resources */ = {isa = PBXBuildFile; fileRef = 8DA66EA7193D099D00A34A4E /* InfoPlist.strings */; };
		8DA66EAB193D099D00A34A4E /* main.m in Sources */ = {isa = PBXBuildFile; fileRef = 8DA66EAA193D099D00A34A4E /* main.m */; };
		8DA66EAF193D099D00A34A4E /* CCAppDelegate.m in Sources */ = {isa = PBXBuildFile; fileRef = 8DA66EAE193D099D00A34A4E /* CCAppDelegate.m */; };
		8DA66EB2193D099D00A34A4E /* Main.storyboard in Resources */ = {isa = PBXBuildFile; fileRef = 8DA66EB0193D099D00A34A4E /* Main.storyboard */; };
		8DA66EB7193D099D00A34A4E /* Images.xcassets in Resources */ = {isa = PBXBuildFile; fileRef = 8DA66EB6193D099D00A34A4E /* Images.xcassets */; };
		8DA66EBE193D099D00A34A4E /* XCTest.framework in Frameworks */ = {isa = PBXBuildFile; fileRef = 8DA66EBD193D099D00A34A4E /* XCTest.framework */; };
		8DA66EBF193D099D00A34A4E /* Foundation.framework in Frameworks */ = {isa = PBXBuildFile; fileRef = 8DA66E9E193D099D00A34A4E /* Foundation.framework */; };
		8DA66EC0193D099D00A34A4E /* UIKit.framework in Frameworks */ = {isa = PBXBuildFile; fileRef = 8DA66EA2193D099D00A34A4E /* UIKit.framework */; };
		8DA66EC8193D099D00A34A4E /* InfoPlist.strings in Resources */ = {isa = PBXBuildFile; fileRef = 8DA66EC6193D099D00A34A4E /* InfoPlist.strings */; };
		8DA66ECA193D099D00A34A4E /* A_2_BTests.m in Sources */ = {isa = PBXBuildFile; fileRef = 8DA66EC9193D099D00A34A4E /* A_2_BTests.m */; };
		8DBA421D193E35370039B673 /* menu.png in Resources */ = {isa = PBXBuildFile; fileRef = 8DBA421B193E35370039B673 /* menu.png */; };
		8DBA421E193E35370039B673 /* menu@2x.png in Resources */ = {isa = PBXBuildFile; fileRef = 8DBA421C193E35370039B673 /* menu@2x.png */; };
		8DBA4221193E35FF0039B673 /* location.png in Resources */ = {isa = PBXBuildFile; fileRef = 8DBA421F193E35FF0039B673 /* location.png */; };
		8DBA4222193E35FF0039B673 /* location@2x.png in Resources */ = {isa = PBXBuildFile; fileRef = 8DBA4220193E35FF0039B673 /* location@2x.png */; };
		8DBA4227193E37EC0039B673 /* back.png in Resources */ = {isa = PBXBuildFile; fileRef = 8DBA4223193E37EC0039B673 /* back.png */; };
		8DBA4228193E37EC0039B673 /* back@2x.png in Resources */ = {isa = PBXBuildFile; fileRef = 8DBA4224193E37EC0039B673 /* back@2x.png */; };
		8DBA4229193E37EC0039B673 /* route.png in Resources */ = {isa = PBXBuildFile; fileRef = 8DBA4225193E37EC0039B673 /* route.png */; };
		8DBA422A193E37EC0039B673 /* route@2x.png in Resources */ = {isa = PBXBuildFile; fileRef = 8DBA4226193E37EC0039B673 /* route@2x.png */; };
		8DBA422D193E419A0039B673 /* CCMenuView.m in Sources */ = {isa = PBXBuildFile; fileRef = 8DBA422C193E419A0039B673 /* CCMenuView.m */; };
		8DBA4237193E4E6A0039B673 /* clear.png in Resources */ = {isa = PBXBuildFile; fileRef = 8DBA422F193E4E6A0039B673 /* clear.png */; };
		8DBA4238193E4E6A0039B673 /* clear@2x.png in Resources */ = {isa = PBXBuildFile; fileRef = 8DBA4230193E4E6A0039B673 /* clear@2x.png */; };
		8DBA4239193E4E6A0039B673 /* directions.png in Resources */ = {isa = PBXBuildFile; fileRef = 8DBA4231193E4E6A0039B673 /* directions.png */; };
		8DBA423A193E4E6A0039B673 /* directions@2x.png in Resources */ = {isa = PBXBuildFile; fileRef = 8DBA4232193E4E6A0039B673 /* directions@2x.png */; };
		8DBA423B193E4E6A0039B673 /* send.png in Resources */ = {isa = PBXBuildFile; fileRef = 8DBA4233193E4E6A0039B673 /* send.png */; };
		8DBA423C193E4E6A0039B673 /* send@2x.png in Resources */ = {isa = PBXBuildFile; fileRef = 8DBA4234193E4E6A0039B673 /* send@2x.png */; };
		8DBA423D193E4E6A0039B673 /* settings.png in Resources */ = {isa = PBXBuildFile; fileRef = 8DBA4235193E4E6A0039B673 /* settings.png */; };
		8DBA423E193E4E6A0039B673 /* settings@2x.png in Resources */ = {isa = PBXBuildFile; fileRef = 8DBA4236193E4E6A0039B673 /* settings@2x.png */; };
		8DC5AEBC193D0D5C00484DCE /* CCMapViewController.m in Sources */ = {isa = PBXBuildFile; fileRef = 8DC5AEBB193D0D5C00484DCE /* CCMapViewController.m */; };
		8DC5AEBF193D0D9000484DCE /* CCDirectionsViewController.m in Sources */ = {isa = PBXBuildFile; fileRef = 8DC5AEBE193D0D9000484DCE /* CCDirectionsViewController.m */; };
		8DC5AEC2193D0DAD00484DCE /* CCDrawingViewController.m in Sources */ = {isa = PBXBuildFile; fileRef = 8DC5AEC1193D0DAD00484DCE /* CCDrawingViewController.m */; };
		8DC5AEC5193D2A3200484DCE /* CCButtons.m in Sources */ = {isa = PBXBuildFile; fileRef = 8DC5AEC4193D2A3200484DCE /* CCButtons.m */; };
		CC71074015714E4396F9CB72 /* libPods.a in Frameworks */ = {isa = PBXBuildFile; fileRef = 38604731853949928DF66D38 /* libPods.a */; };
/* End PBXBuildFile section */

/* Begin PBXContainerItemProxy section */
		8DA66EC1193D099D00A34A4E /* PBXContainerItemProxy */ = {
			isa = PBXContainerItemProxy;
			containerPortal = 8DA66E93193D099D00A34A4E /* Project object */;
			proxyType = 1;
			remoteGlobalIDString = 8DA66E9A193D099D00A34A4E;
			remoteInfo = "A-2-B";
		};
/* End PBXContainerItemProxy section */

/* Begin PBXFileReference section */
		19A9E0BBA09A49E6BA10764F /* Pods.xcconfig */ = {isa = PBXFileReference; includeInIndex = 1; lastKnownFileType = text.xcconfig; name = Pods.xcconfig; path = Pods/Pods.xcconfig; sourceTree = "<group>"; };
		38604731853949928DF66D38 /* libPods.a */ = {isa = PBXFileReference; explicitFileType = archive.ar; includeInIndex = 0; path = libPods.a; sourceTree = BUILT_PRODUCTS_DIR; };
		8DA66E9B193D099D00A34A4E /* A-2-B.app */ = {isa = PBXFileReference; explicitFileType = wrapper.application; includeInIndex = 0; path = "A-2-B.app"; sourceTree = BUILT_PRODUCTS_DIR; };
		8DA66E9E193D099D00A34A4E /* Foundation.framework */ = {isa = PBXFileReference; lastKnownFileType = wrapper.framework; name = Foundation.framework; path = System/Library/Frameworks/Foundation.framework; sourceTree = SDKROOT; };
		8DA66EA0193D099D00A34A4E /* CoreGraphics.framework */ = {isa = PBXFileReference; lastKnownFileType = wrapper.framework; name = CoreGraphics.framework; path = System/Library/Frameworks/CoreGraphics.framework; sourceTree = SDKROOT; };
		8DA66EA2193D099D00A34A4E /* UIKit.framework */ = {isa = PBXFileReference; lastKnownFileType = wrapper.framework; name = UIKit.framework; path = System/Library/Frameworks/UIKit.framework; sourceTree = SDKROOT; };
		8DA66EA6193D099D00A34A4E /* A-2-B-Info.plist */ = {isa = PBXFileReference; lastKnownFileType = text.plist.xml; path = "A-2-B-Info.plist"; sourceTree = "<group>"; };
		8DA66EA8193D099D00A34A4E /* en */ = {isa = PBXFileReference; lastKnownFileType = text.plist.strings; name = en; path = en.lproj/InfoPlist.strings; sourceTree = "<group>"; };
		8DA66EAA193D099D00A34A4E /* main.m */ = {isa = PBXFileReference; lastKnownFileType = sourcecode.c.objc; path = main.m; sourceTree = "<group>"; };
		8DA66EAC193D099D00A34A4E /* A-2-B-Prefix.pch */ = {isa = PBXFileReference; lastKnownFileType = sourcecode.c.h; path = "A-2-B-Prefix.pch"; sourceTree = "<group>"; };
		8DA66EAD193D099D00A34A4E /* CCAppDelegate.h */ = {isa = PBXFileReference; lastKnownFileType = sourcecode.c.h; path = CCAppDelegate.h; sourceTree = "<group>"; };
		8DA66EAE193D099D00A34A4E /* CCAppDelegate.m */ = {isa = PBXFileReference; lastKnownFileType = sourcecode.c.objc; path = CCAppDelegate.m; sourceTree = "<group>"; };
		8DA66EB1193D099D00A34A4E /* Base */ = {isa = PBXFileReference; lastKnownFileType = file.storyboard; name = Base; path = Base.lproj/Main.storyboard; sourceTree = "<group>"; };
		8DA66EB6193D099D00A34A4E /* Images.xcassets */ = {isa = PBXFileReference; lastKnownFileType = folder.assetcatalog; path = Images.xcassets; sourceTree = "<group>"; };
		8DA66EBC193D099D00A34A4E /* A-2-BTests.xctest */ = {isa = PBXFileReference; explicitFileType = wrapper.cfbundle; includeInIndex = 0; path = "A-2-BTests.xctest"; sourceTree = BUILT_PRODUCTS_DIR; };
		8DA66EBD193D099D00A34A4E /* XCTest.framework */ = {isa = PBXFileReference; lastKnownFileType = wrapper.framework; name = XCTest.framework; path = Library/Frameworks/XCTest.framework; sourceTree = DEVELOPER_DIR; };
		8DA66EC5193D099D00A34A4E /* A-2-BTests-Info.plist */ = {isa = PBXFileReference; lastKnownFileType = text.plist.xml; path = "A-2-BTests-Info.plist"; sourceTree = "<group>"; };
		8DA66EC7193D099D00A34A4E /* en */ = {isa = PBXFileReference; lastKnownFileType = text.plist.strings; name = en; path = en.lproj/InfoPlist.strings; sourceTree = "<group>"; };
		8DA66EC9193D099D00A34A4E /* A_2_BTests.m */ = {isa = PBXFileReference; lastKnownFileType = sourcecode.c.objc; path = A_2_BTests.m; sourceTree = "<group>"; };
		8DBA421B193E35370039B673 /* menu.png */ = {isa = PBXFileReference; lastKnownFileType = image.png; path = menu.png; sourceTree = "<group>"; };
		8DBA421C193E35370039B673 /* menu@2x.png */ = {isa = PBXFileReference; lastKnownFileType = image.png; path = "menu@2x.png"; sourceTree = "<group>"; };
		8DBA421F193E35FF0039B673 /* location.png */ = {isa = PBXFileReference; lastKnownFileType = image.png; path = location.png; sourceTree = "<group>"; };
		8DBA4220193E35FF0039B673 /* location@2x.png */ = {isa = PBXFileReference; lastKnownFileType = image.png; path = "location@2x.png"; sourceTree = "<group>"; };
		8DBA4223193E37EC0039B673 /* back.png */ = {isa = PBXFileReference; lastKnownFileType = image.png; path = back.png; sourceTree = "<group>"; };
		8DBA4224193E37EC0039B673 /* back@2x.png */ = {isa = PBXFileReference; lastKnownFileType = image.png; path = "back@2x.png"; sourceTree = "<group>"; };
		8DBA4225193E37EC0039B673 /* route.png */ = {isa = PBXFileReference; lastKnownFileType = image.png; path = route.png; sourceTree = "<group>"; };
		8DBA4226193E37EC0039B673 /* route@2x.png */ = {isa = PBXFileReference; lastKnownFileType = image.png; path = "route@2x.png"; sourceTree = "<group>"; };
		8DBA422B193E419A0039B673 /* CCMenuView.h */ = {isa = PBXFileReference; fileEncoding = 4; lastKnownFileType = sourcecode.c.h; path = CCMenuView.h; sourceTree = "<group>"; };
		8DBA422C193E419A0039B673 /* CCMenuView.m */ = {isa = PBXFileReference; fileEncoding = 4; lastKnownFileType = sourcecode.c.objc; path = CCMenuView.m; sourceTree = "<group>"; };
		8DBA422F193E4E6A0039B673 /* clear.png */ = {isa = PBXFileReference; lastKnownFileType = image.png; path = clear.png; sourceTree = "<group>"; };
		8DBA4230193E4E6A0039B673 /* clear@2x.png */ = {isa = PBXFileReference; lastKnownFileType = image.png; path = "clear@2x.png"; sourceTree = "<group>"; };
		8DBA4231193E4E6A0039B673 /* directions.png */ = {isa = PBXFileReference; lastKnownFileType = image.png; path = directions.png; sourceTree = "<group>"; };
		8DBA4232193E4E6A0039B673 /* directions@2x.png */ = {isa = PBXFileReference; lastKnownFileType = image.png; path = "directions@2x.png"; sourceTree = "<group>"; };
		8DBA4233193E4E6A0039B673 /* send.png */ = {isa = PBXFileReference; lastKnownFileType = image.png; path = send.png; sourceTree = "<group>"; };
		8DBA4234193E4E6A0039B673 /* send@2x.png */ = {isa = PBXFileReference; lastKnownFileType = image.png; path = "send@2x.png"; sourceTree = "<group>"; };
		8DBA4235193E4E6A0039B673 /* settings.png */ = {isa = PBXFileReference; lastKnownFileType = image.png; path = settings.png; sourceTree = "<group>"; };
		8DBA4236193E4E6A0039B673 /* settings@2x.png */ = {isa = PBXFileReference; lastKnownFileType = image.png; path = "settings@2x.png"; sourceTree = "<group>"; };
		8DC5AEBA193D0D5C00484DCE /* CCMapViewController.h */ = {isa = PBXFileReference; fileEncoding = 4; lastKnownFileType = sourcecode.c.h; path = CCMapViewController.h; sourceTree = "<group>"; };
		8DC5AEBB193D0D5C00484DCE /* CCMapViewController.m */ = {isa = PBXFileReference; fileEncoding = 4; lastKnownFileType = sourcecode.c.objc; path = CCMapViewController.m; sourceTree = "<group>"; };
		8DC5AEBD193D0D9000484DCE /* CCDirectionsViewController.h */ = {isa = PBXFileReference; fileEncoding = 4; lastKnownFileType = sourcecode.c.h; path = CCDirectionsViewController.h; sourceTree = "<group>"; };
		8DC5AEBE193D0D9000484DCE /* CCDirectionsViewController.m */ = {isa = PBXFileReference; fileEncoding = 4; lastKnownFileType = sourcecode.c.objc; path = CCDirectionsViewController.m; sourceTree = "<group>"; };
		8DC5AEC0193D0DAD00484DCE /* CCDrawingViewController.h */ = {isa = PBXFileReference; fileEncoding = 4; lastKnownFileType = sourcecode.c.h; path = CCDrawingViewController.h; sourceTree = "<group>"; };
		8DC5AEC1193D0DAD00484DCE /* CCDrawingViewController.m */ = {isa = PBXFileReference; fileEncoding = 4; lastKnownFileType = sourcecode.c.objc; path = CCDrawingViewController.m; sourceTree = "<group>"; };
		8DC5AEC3193D2A3200484DCE /* CCButtons.h */ = {isa = PBXFileReference; fileEncoding = 4; lastKnownFileType = sourcecode.c.h; path = CCButtons.h; sourceTree = "<group>"; };
		8DC5AEC4193D2A3200484DCE /* CCButtons.m */ = {isa = PBXFileReference; fileEncoding = 4; lastKnownFileType = sourcecode.c.objc; path = CCButtons.m; sourceTree = "<group>"; };
/* End PBXFileReference section */

/* Begin PBXFrameworksBuildPhase section */
		8DA66E98193D099D00A34A4E /* Frameworks */ = {
			isa = PBXFrameworksBuildPhase;
			buildActionMask = 2147483647;
			files = (
				8DA66EA1193D099D00A34A4E /* CoreGraphics.framework in Frameworks */,
				8DA66EA3193D099D00A34A4E /* UIKit.framework in Frameworks */,
				8DA66E9F193D099D00A34A4E /* Foundation.framework in Frameworks */,
				CC71074015714E4396F9CB72 /* libPods.a in Frameworks */,
			);
			runOnlyForDeploymentPostprocessing = 0;
		};
		8DA66EB9193D099D00A34A4E /* Frameworks */ = {
			isa = PBXFrameworksBuildPhase;
			buildActionMask = 2147483647;
			files = (
				8DA66EBE193D099D00A34A4E /* XCTest.framework in Frameworks */,
				8DA66EC0193D099D00A34A4E /* UIKit.framework in Frameworks */,
				8DA66EBF193D099D00A34A4E /* Foundation.framework in Frameworks */,
			);
			runOnlyForDeploymentPostprocessing = 0;
		};
/* End PBXFrameworksBuildPhase section */

/* Begin PBXGroup section */
		8DA66E92193D099D00A34A4E = {
			isa = PBXGroup;
			children = (
				8DA66EA4193D099D00A34A4E /* A-2-B */,
				8DA66EC3193D099D00A34A4E /* A-2-BTests */,
				8DA66E9D193D099D00A34A4E /* Frameworks */,
				8DA66E9C193D099D00A34A4E /* Products */,
				19A9E0BBA09A49E6BA10764F /* Pods.xcconfig */,
			);
			sourceTree = "<group>";
		};
		8DA66E9C193D099D00A34A4E /* Products */ = {
			isa = PBXGroup;
			children = (
				8DA66E9B193D099D00A34A4E /* A-2-B.app */,
				8DA66EBC193D099D00A34A4E /* A-2-BTests.xctest */,
			);
			name = Products;
			sourceTree = "<group>";
		};
		8DA66E9D193D099D00A34A4E /* Frameworks */ = {
			isa = PBXGroup;
			children = (
				8DA66E9E193D099D00A34A4E /* Foundation.framework */,
				8DA66EA0193D099D00A34A4E /* CoreGraphics.framework */,
				8DA66EA2193D099D00A34A4E /* UIKit.framework */,
				8DA66EBD193D099D00A34A4E /* XCTest.framework */,
				38604731853949928DF66D38 /* libPods.a */,
			);
			name = Frameworks;
			sourceTree = "<group>";
		};
		8DA66EA4193D099D00A34A4E /* A-2-B */ = {
			isa = PBXGroup;
			children = (
				8DA66EAD193D099D00A34A4E /* CCAppDelegate.h */,
				8DA66EAE193D099D00A34A4E /* CCAppDelegate.m */,
				8DBA422E193E41A70039B673 /* Views */,
				8DA66EB0193D099D00A34A4E /* Main.storyboard */,
				8DBA4219193E33B90039B673 /* Controllers */,
				8DBA421A193E33C90039B673 /* UI */,
				8DBA4218193E33A10039B673 /* images */,
				8DA66EB6193D099D00A34A4E /* Images.xcassets */,
				8DA66EA5193D099D00A34A4E /* Supporting Files */,
			);
			path = "A-2-B";
			sourceTree = "<group>";
		};
		8DA66EA5193D099D00A34A4E /* Supporting Files */ = {
			isa = PBXGroup;
			children = (
				8DA66EA6193D099D00A34A4E /* A-2-B-Info.plist */,
				8DA66EA7193D099D00A34A4E /* InfoPlist.strings */,
				8DA66EAA193D099D00A34A4E /* main.m */,
				8DA66EAC193D099D00A34A4E /* A-2-B-Prefix.pch */,
			);
			name = "Supporting Files";
			sourceTree = "<group>";
		};
		8DA66EC3193D099D00A34A4E /* A-2-BTests */ = {
			isa = PBXGroup;
			children = (
				8DA66EC9193D099D00A34A4E /* A_2_BTests.m */,
				8DA66EC4193D099D00A34A4E /* Supporting Files */,
			);
			path = "A-2-BTests";
			sourceTree = "<group>";
		};
		8DA66EC4193D099D00A34A4E /* Supporting Files */ = {
			isa = PBXGroup;
			children = (
				8DA66EC5193D099D00A34A4E /* A-2-BTests-Info.plist */,
				8DA66EC6193D099D00A34A4E /* InfoPlist.strings */,
			);
			name = "Supporting Files";
			sourceTree = "<group>";
		};
		8DBA4218193E33A10039B673 /* images */ = {
			isa = PBXGroup;
			children = (
				8DBA422F193E4E6A0039B673 /* clear.png */,
				8DBA4230193E4E6A0039B673 /* clear@2x.png */,
				8DBA4231193E4E6A0039B673 /* directions.png */,
				8DBA4232193E4E6A0039B673 /* directions@2x.png */,
				8DBA4233193E4E6A0039B673 /* send.png */,
				8DBA4234193E4E6A0039B673 /* send@2x.png */,
				8DBA4235193E4E6A0039B673 /* settings.png */,
				8DBA4236193E4E6A0039B673 /* settings@2x.png */,
				8DBA4223193E37EC0039B673 /* back.png */,
				8DBA4224193E37EC0039B673 /* back@2x.png */,
				8DBA4225193E37EC0039B673 /* route.png */,
				8DBA4226193E37EC0039B673 /* route@2x.png */,
				8DBA421F193E35FF0039B673 /* location.png */,
				8DBA4220193E35FF0039B673 /* location@2x.png */,
				8DBA421B193E35370039B673 /* menu.png */,
				8DBA421C193E35370039B673 /* menu@2x.png */,
			);
			name = images;
			sourceTree = "<group>";
		};
		8DBA4219193E33B90039B673 /* Controllers */ = {
			isa = PBXGroup;
			children = (
				8DC5AEBD193D0D9000484DCE /* CCDirectionsViewController.h */,
				8DC5AEBE193D0D9000484DCE /* CCDirectionsViewController.m */,
				8DC5AEC0193D0DAD00484DCE /* CCDrawingViewController.h */,
				8DC5AEC1193D0DAD00484DCE /* CCDrawingViewController.m */,
				8DC5AEBA193D0D5C00484DCE /* CCMapViewController.h */,
				8DC5AEBB193D0D5C00484DCE /* CCMapViewController.m */,
			);
			name = Controllers;
			sourceTree = "<group>";
		};
		8DBA421A193E33C90039B673 /* UI */ = {
			isa = PBXGroup;
			children = (
				8DC5AEC3193D2A3200484DCE /* CCButtons.h */,
				8DC5AEC4193D2A3200484DCE /* CCButtons.m */,
			);
			name = UI;
			sourceTree = "<group>";
		};
		8DBA422E193E41A70039B673 /* Views */ = {
			isa = PBXGroup;
			children = (
				8DBA422B193E419A0039B673 /* CCMenuView.h */,
				8DBA422C193E419A0039B673 /* CCMenuView.m */,
			);
			name = Views;
			sourceTree = "<group>";
		};
/* End PBXGroup section */

/* Begin PBXNativeTarget section */
		8DA66E9A193D099D00A34A4E /* A-2-B */ = {
			isa = PBXNativeTarget;
			buildConfigurationList = 8DA66ECD193D099D00A34A4E /* Build configuration list for PBXNativeTarget "A-2-B" */;
			buildPhases = (
				906176113857480F9C61F0DC /* Check Pods Manifest.lock */,
				8DA66E97193D099D00A34A4E /* Sources */,
				8DA66E98193D099D00A34A4E /* Frameworks */,
				8DA66E99193D099D00A34A4E /* Resources */,
				4F61CDC658604285BA4A3DD3 /* Copy Pods Resources */,
			);
			buildRules = (
			);
			dependencies = (
			);
			name = "A-2-B";
			productName = "A-2-B";
			productReference = 8DA66E9B193D099D00A34A4E /* A-2-B.app */;
			productType = "com.apple.product-type.application";
		};
		8DA66EBB193D099D00A34A4E /* A-2-BTests */ = {
			isa = PBXNativeTarget;
			buildConfigurationList = 8DA66ED0193D099D00A34A4E /* Build configuration list for PBXNativeTarget "A-2-BTests" */;
			buildPhases = (
				8DA66EB8193D099D00A34A4E /* Sources */,
				8DA66EB9193D099D00A34A4E /* Frameworks */,
				8DA66EBA193D099D00A34A4E /* Resources */,
			);
			buildRules = (
			);
			dependencies = (
				8DA66EC2193D099D00A34A4E /* PBXTargetDependency */,
			);
			name = "A-2-BTests";
			productName = "A-2-BTests";
			productReference = 8DA66EBC193D099D00A34A4E /* A-2-BTests.xctest */;
			productType = "com.apple.product-type.bundle.unit-test";
		};
/* End PBXNativeTarget section */

/* Begin PBXProject section */
		8DA66E93193D099D00A34A4E /* Project object */ = {
			isa = PBXProject;
			attributes = {
				CLASSPREFIX = CC;
				LastUpgradeCheck = 0510;
				ORGANIZATIONNAME = "Byte Meets World";
				TargetAttributes = {
					8DA66EBB193D099D00A34A4E = {
						TestTargetID = 8DA66E9A193D099D00A34A4E;
					};
				};
			};
			buildConfigurationList = 8DA66E96193D099D00A34A4E /* Build configuration list for PBXProject "A-2-B" */;
			compatibilityVersion = "Xcode 3.2";
			developmentRegion = English;
			hasScannedForEncodings = 0;
			knownRegions = (
				en,
				Base,
			);
			mainGroup = 8DA66E92193D099D00A34A4E;
			productRefGroup = 8DA66E9C193D099D00A34A4E /* Products */;
			projectDirPath = "";
			projectRoot = "";
			targets = (
				8DA66E9A193D099D00A34A4E /* A-2-B */,
				8DA66EBB193D099D00A34A4E /* A-2-BTests */,
			);
		};
/* End PBXProject section */

/* Begin PBXResourcesBuildPhase section */
		8DA66E99193D099D00A34A4E /* Resources */ = {
			isa = PBXResourcesBuildPhase;
			buildActionMask = 2147483647;
			files = (
				8DBA421D193E35370039B673 /* menu.png in Resources */,
				8DA66EB7193D099D00A34A4E /* Images.xcassets in Resources */,
				8DBA4222193E35FF0039B673 /* location@2x.png in Resources */,
				8DBA4237193E4E6A0039B673 /* clear.png in Resources */,
				8DBA421E193E35370039B673 /* menu@2x.png in Resources */,
				8DBA423B193E4E6A0039B673 /* send.png in Resources */,
				8DBA423D193E4E6A0039B673 /* settings.png in Resources */,
				8DBA4227193E37EC0039B673 /* back.png in Resources */,
				8DBA4229193E37EC0039B673 /* route.png in Resources */,
				8DBA4228193E37EC0039B673 /* back@2x.png in Resources */,
				8DA66EA9193D099D00A34A4E /* InfoPlist.strings in Resources */,
				8DBA4239193E4E6A0039B673 /* directions.png in Resources */,
				8DBA4221193E35FF0039B673 /* location.png in Resources */,
				8DBA423A193E4E6A0039B673 /* directions@2x.png in Resources */,
				8DA66EB2193D099D00A34A4E /* Main.storyboard in Resources */,
				8DBA423E193E4E6A0039B673 /* settings@2x.png in Resources */,
				8DBA4238193E4E6A0039B673 /* clear@2x.png in Resources */,
				8DBA422A193E37EC0039B673 /* route@2x.png in Resources */,
				8DBA423C193E4E6A0039B673 /* send@2x.png in Resources */,
			);
			runOnlyForDeploymentPostprocessing = 0;
		};
		8DA66EBA193D099D00A34A4E /* Resources */ = {
			isa = PBXResourcesBuildPhase;
			buildActionMask = 2147483647;
			files = (
				8DA66EC8193D099D00A34A4E /* InfoPlist.strings in Resources */,
			);
			runOnlyForDeploymentPostprocessing = 0;
		};
/* End PBXResourcesBuildPhase section */

/* Begin PBXShellScriptBuildPhase section */
		4F61CDC658604285BA4A3DD3 /* Copy Pods Resources */ = {
			isa = PBXShellScriptBuildPhase;
			buildActionMask = 2147483647;
			files = (
			);
			inputPaths = (
			);
			name = "Copy Pods Resources";
			outputPaths = (
			);
			runOnlyForDeploymentPostprocessing = 0;
			shellPath = /bin/sh;
			shellScript = "\"${SRCROOT}/Pods/Pods-resources.sh\"\n";
			showEnvVarsInLog = 0;
		};
		906176113857480F9C61F0DC /* Check Pods Manifest.lock */ = {
			isa = PBXShellScriptBuildPhase;
			buildActionMask = 2147483647;
			files = (
			);
			inputPaths = (
			);
			name = "Check Pods Manifest.lock";
			outputPaths = (
			);
			runOnlyForDeploymentPostprocessing = 0;
			shellPath = /bin/sh;
			shellScript = "diff \"${PODS_ROOT}/../Podfile.lock\" \"${PODS_ROOT}/Manifest.lock\" > /dev/null\nif [[ $? != 0 ]] ; then\n    cat << EOM\nerror: The sandbox is not in sync with the Podfile.lock. Run 'pod install' or update your CocoaPods installation.\nEOM\n    exit 1\nfi\n";
			showEnvVarsInLog = 0;
		};
/* End PBXShellScriptBuildPhase section */

/* Begin PBXSourcesBuildPhase section */
		8DA66E97193D099D00A34A4E /* Sources */ = {
			isa = PBXSourcesBuildPhase;
			buildActionMask = 2147483647;
			files = (
				8DBA422D193E419A0039B673 /* CCMenuView.m in Sources */,
				8DC5AEBF193D0D9000484DCE /* CCDirectionsViewController.m in Sources */,
				8DC5AEBC193D0D5C00484DCE /* CCMapViewController.m in Sources */,
				8DA66EAF193D099D00A34A4E /* CCAppDelegate.m in Sources */,
				8DC5AEC2193D0DAD00484DCE /* CCDrawingViewController.m in Sources */,
				8DA66EAB193D099D00A34A4E /* main.m in Sources */,
				8DC5AEC5193D2A3200484DCE /* CCButtons.m in Sources */,
			);
			runOnlyForDeploymentPostprocessing = 0;
		};
		8DA66EB8193D099D00A34A4E /* Sources */ = {
			isa = PBXSourcesBuildPhase;
			buildActionMask = 2147483647;
			files = (
				8DA66ECA193D099D00A34A4E /* A_2_BTests.m in Sources */,
			);
			runOnlyForDeploymentPostprocessing = 0;
		};
/* End PBXSourcesBuildPhase section */

/* Begin PBXTargetDependency section */
		8DA66EC2193D099D00A34A4E /* PBXTargetDependency */ = {
			isa = PBXTargetDependency;
			target = 8DA66E9A193D099D00A34A4E /* A-2-B */;
			targetProxy = 8DA66EC1193D099D00A34A4E /* PBXContainerItemProxy */;
		};
/* End PBXTargetDependency section */

/* Begin PBXVariantGroup section */
		8DA66EA7193D099D00A34A4E /* InfoPlist.strings */ = {
			isa = PBXVariantGroup;
			children = (
				8DA66EA8193D099D00A34A4E /* en */,
			);
			name = InfoPlist.strings;
			sourceTree = "<group>";
		};
		8DA66EB0193D099D00A34A4E /* Main.storyboard */ = {
			isa = PBXVariantGroup;
			children = (
				8DA66EB1193D099D00A34A4E /* Base */,
			);
			name = Main.storyboard;
			sourceTree = "<group>";
		};
		8DA66EC6193D099D00A34A4E /* InfoPlist.strings */ = {
			isa = PBXVariantGroup;
			children = (
				8DA66EC7193D099D00A34A4E /* en */,
			);
			name = InfoPlist.strings;
			sourceTree = "<group>";
		};
/* End PBXVariantGroup section */

/* Begin XCBuildConfiguration section */
		8DA66ECB193D099D00A34A4E /* Debug */ = {
			isa = XCBuildConfiguration;
			buildSettings = {
				ALWAYS_SEARCH_USER_PATHS = NO;
				CLANG_CXX_LANGUAGE_STANDARD = "gnu++0x";
				CLANG_CXX_LIBRARY = "libc++";
				CLANG_ENABLE_MODULES = YES;
				CLANG_ENABLE_OBJC_ARC = YES;
				CLANG_WARN_BOOL_CONVERSION = YES;
				CLANG_WARN_CONSTANT_CONVERSION = YES;
				CLANG_WARN_DIRECT_OBJC_ISA_USAGE = YES_ERROR;
				CLANG_WARN_EMPTY_BODY = YES;
				CLANG_WARN_ENUM_CONVERSION = YES;
				CLANG_WARN_INT_CONVERSION = YES;
				CLANG_WARN_OBJC_ROOT_CLASS = YES_ERROR;
				CLANG_WARN__DUPLICATE_METHOD_MATCH = YES;
				"CODE_SIGN_IDENTITY[sdk=iphoneos*]" = "iPhone Developer";
				COPY_PHASE_STRIP = NO;
				GCC_C_LANGUAGE_STANDARD = gnu99;
				GCC_DYNAMIC_NO_PIC = NO;
				GCC_OPTIMIZATION_LEVEL = 0;
				GCC_PREPROCESSOR_DEFINITIONS = (
					"DEBUG=1",
					"$(inherited)",
				);
				GCC_SYMBOLS_PRIVATE_EXTERN = NO;
				GCC_WARN_64_TO_32_BIT_CONVERSION = YES;
				GCC_WARN_ABOUT_RETURN_TYPE = YES_ERROR;
				GCC_WARN_UNDECLARED_SELECTOR = YES;
				GCC_WARN_UNINITIALIZED_AUTOS = YES_AGGRESSIVE;
				GCC_WARN_UNUSED_FUNCTION = YES;
				GCC_WARN_UNUSED_VARIABLE = YES;
				IPHONEOS_DEPLOYMENT_TARGET = 7.1;
				ONLY_ACTIVE_ARCH = YES;
				SDKROOT = iphoneos;
			};
			name = Debug;
		};
		8DA66ECC193D099D00A34A4E /* Release */ = {
			isa = XCBuildConfiguration;
			buildSettings = {
				ALWAYS_SEARCH_USER_PATHS = NO;
				CLANG_CXX_LANGUAGE_STANDARD = "gnu++0x";
				CLANG_CXX_LIBRARY = "libc++";
				CLANG_ENABLE_MODULES = YES;
				CLANG_ENABLE_OBJC_ARC = YES;
				CLANG_WARN_BOOL_CONVERSION = YES;
				CLANG_WARN_CONSTANT_CONVERSION = YES;
				CLANG_WARN_DIRECT_OBJC_ISA_USAGE = YES_ERROR;
				CLANG_WARN_EMPTY_BODY = YES;
				CLANG_WARN_ENUM_CONVERSION = YES;
				CLANG_WARN_INT_CONVERSION = YES;
				CLANG_WARN_OBJC_ROOT_CLASS = YES_ERROR;
				CLANG_WARN__DUPLICATE_METHOD_MATCH = YES;
				"CODE_SIGN_IDENTITY[sdk=iphoneos*]" = "iPhone Developer";
				COPY_PHASE_STRIP = YES;
				ENABLE_NS_ASSERTIONS = NO;
				GCC_C_LANGUAGE_STANDARD = gnu99;
				GCC_WARN_64_TO_32_BIT_CONVERSION = YES;
				GCC_WARN_ABOUT_RETURN_TYPE = YES_ERROR;
				GCC_WARN_UNDECLARED_SELECTOR = YES;
				GCC_WARN_UNINITIALIZED_AUTOS = YES_AGGRESSIVE;
				GCC_WARN_UNUSED_FUNCTION = YES;
				GCC_WARN_UNUSED_VARIABLE = YES;
				IPHONEOS_DEPLOYMENT_TARGET = 7.1;
				SDKROOT = iphoneos;
				VALIDATE_PRODUCT = YES;
			};
			name = Release;
		};
		8DA66ECE193D099D00A34A4E /* Debug */ = {
			isa = XCBuildConfiguration;
			baseConfigurationReference = 19A9E0BBA09A49E6BA10764F /* Pods.xcconfig */;
			buildSettings = {
				ASSETCATALOG_COMPILER_APPICON_NAME = AppIcon;
				ASSETCATALOG_COMPILER_LAUNCHIMAGE_NAME = LaunchImage;
				GCC_PRECOMPILE_PREFIX_HEADER = YES;
				GCC_PREFIX_HEADER = "A-2-B/A-2-B-Prefix.pch";
				INFOPLIST_FILE = "A-2-B/A-2-B-Info.plist";
				PRODUCT_NAME = "$(TARGET_NAME)";
				WRAPPER_EXTENSION = app;
			};
			name = Debug;
		};
		8DA66ECF193D099D00A34A4E /* Release */ = {
			isa = XCBuildConfiguration;
			baseConfigurationReference = 19A9E0BBA09A49E6BA10764F /* Pods.xcconfig */;
			buildSettings = {
				ASSETCATALOG_COMPILER_APPICON_NAME = AppIcon;
				ASSETCATALOG_COMPILER_LAUNCHIMAGE_NAME = LaunchImage;
				GCC_PRECOMPILE_PREFIX_HEADER = YES;
				GCC_PREFIX_HEADER = "A-2-B/A-2-B-Prefix.pch";
				INFOPLIST_FILE = "A-2-B/A-2-B-Info.plist";
				PRODUCT_NAME = "$(TARGET_NAME)";
				WRAPPER_EXTENSION = app;
			};
			name = Release;
		};
		8DA66ED1193D099D00A34A4E /* Debug */ = {
			isa = XCBuildConfiguration;
			buildSettings = {
				BUNDLE_LOADER = "$(BUILT_PRODUCTS_DIR)/A-2-B.app/A-2-B";
				FRAMEWORK_SEARCH_PATHS = (
					"$(SDKROOT)/Developer/Library/Frameworks",
					"$(inherited)",
					"$(DEVELOPER_FRAMEWORKS_DIR)",
				);
				GCC_PRECOMPILE_PREFIX_HEADER = YES;
				GCC_PREFIX_HEADER = "A-2-B/A-2-B-Prefix.pch";
				GCC_PREPROCESSOR_DEFINITIONS = (
					"DEBUG=1",
					"$(inherited)",
				);
				INFOPLIST_FILE = "A-2-BTests/A-2-BTests-Info.plist";
				PRODUCT_NAME = "$(TARGET_NAME)";
				TEST_HOST = "$(BUNDLE_LOADER)";
				WRAPPER_EXTENSION = xctest;
			};
			name = Debug;
		};
		8DA66ED2193D099D00A34A4E /* Release */ = {
			isa = XCBuildConfiguration;
			buildSettings = {
				BUNDLE_LOADER = "$(BUILT_PRODUCTS_DIR)/A-2-B.app/A-2-B";
				FRAMEWORK_SEARCH_PATHS = (
					"$(SDKROOT)/Developer/Library/Frameworks",
					"$(inherited)",
					"$(DEVELOPER_FRAMEWORKS_DIR)",
				);
				GCC_PRECOMPILE_PREFIX_HEADER = YES;
				GCC_PREFIX_HEADER = "A-2-B/A-2-B-Prefix.pch";
				INFOPLIST_FILE = "A-2-BTests/A-2-BTests-Info.plist";
				PRODUCT_NAME = "$(TARGET_NAME)";
				TEST_HOST = "$(BUNDLE_LOADER)";
				WRAPPER_EXTENSION = xctest;
			};
			name = Release;
		};
/* End XCBuildConfiguration section */

/* Begin XCConfigurationList section */
		8DA66E96193D099D00A34A4E /* Build configuration list for PBXProject "A-2-B" */ = {
			isa = XCConfigurationList;
			buildConfigurations = (
				8DA66ECB193D099D00A34A4E /* Debug */,
				8DA66ECC193D099D00A34A4E /* Release */,
			);
			defaultConfigurationIsVisible = 0;
			defaultConfigurationName = Release;
		};
		8DA66ECD193D099D00A34A4E /* Build configuration list for PBXNativeTarget "A-2-B" */ = {
			isa = XCConfigurationList;
			buildConfigurations = (
				8DA66ECE193D099D00A34A4E /* Debug */,
				8DA66ECF193D099D00A34A4E /* Release */,
			);
			defaultConfigurationIsVisible = 0;
			defaultConfigurationName = Release;
		};
		8DA66ED0193D099D00A34A4E /* Build configuration list for PBXNativeTarget "A-2-BTests" */ = {
			isa = XCConfigurationList;
			buildConfigurations = (
				8DA66ED1193D099D00A34A4E /* Debug */,
				8DA66ED2193D099D00A34A4E /* Release */,
			);
			defaultConfigurationIsVisible = 0;
			defaultConfigurationName = Release;
		};
/* End XCConfigurationList section */
	};
	rootObject = 8DA66E93193D099D00A34A4E /* Project object */;
}
